
Microsoft Visual Studio Solution File, Format Version 12.00
# Visual Studio Version 16
VisualStudioVersion = 16.0.29920.165
MinimumVisualStudioVersion = 10.0.40219.1
Project("{8BC9CEB8-8B4A-11D0-8D11-00A0C91BC942}") = "Algorithm", "Algorithm\Algorithm.vcxproj", "{867A9889-2D1A-4C60-A6D9-048069C16EA0}"
EndProject
Global
	GlobalSection(SolutionConfigurationPlatforms) = preSolution
		Debug|x64 = Debug|x64
		Debug|x86 = Debug|x86
		Release|x64 = Release|x64
		Release|x86 = Release|x86
	EndGlobalSection
	GlobalSection(ProjectConfigurationPlatforms) = postSolution
		{867A9889-2D1A-4C60-A6D9-048069C16EA0}.Debug|x64.ActiveCfg = Debug|x64
		{867A9889-2D1A-4C60-A6D9-048069C16EA0}.Debug|x64.Build.0 = Debug|x64
		{867A9889-2D1A-4C60-A6D9-048069C16EA0}.Debug|x86.ActiveCfg = Debug|Win32
		{867A9889-2D1A-4C60-A6D9-048069C16EA0}.Debug|x86.Build.0 = Debug|Win32
		{867A9889-2D1A-4C60-A6D9-048069C16EA0}.Release|x64.ActiveCfg = Release|x64
		{867A9889-2D1A-4C60-A6D9-048069C16EA0}.Release|x64.Build.0 = Release|x64
		{867A9889-2D1A-4C60-A6D9-048069C16EA0}.Release|x86.ActiveCfg = Release|Win32
		{867A9889-2D1A-4C60-A6D9-048069C16EA0}.Release|x86.Build.0 = Release|Win32
	EndGlobalSection
	GlobalSection(SolutionProperties) = preSolution
		HideSolutionNode = FALSE
	EndGlobalSection
	GlobalSection(ExtensibilityGlobals) = postSolution
		SolutionGuid = {0D888B83-43EF-4D68-B983-9DF65C17E82D}
	EndGlobalSection
EndGlobal
